
Microsoft Visual Studio Solution File, Format Version 12.00
# Visual Studio Version 17
VisualStudioVersion = 17.4.33205.214
MinimumVisualStudioVersion = 10.0.40219.1
Project("{9A19103F-16F7-4668-BE54-9A1E7A4F7556}") = "JournalEntry.Api", "JournalEntry.Api\JournalEntry.Api.csproj", "{5DD9ACC3-255D-4FA9-BEEA-06651CEBCDE8}"
EndProject
Project("{9A19103F-16F7-4668-BE54-9A1E7A4F7556}") = "JournalEntry.Domain", "JournalEntry.Domain\JournalEntry.Domain.csproj", "{26ADEE85-4D82-4217-B7A9-7C981832BE4B}"
EndProject
Project("{9A19103F-16F7-4668-BE54-9A1E7A4F7556}") = "JournalEntry.UnitTests", "JournalEntry.UnitTests\JournalEntry.UnitTests.csproj", "{C0B71540-D606-47DB-83B2-EC46BB7FAE83}"
EndProject
Project("{FAE04EC0-301F-11D3-BF4B-00C04F79EFBC}") = "JournalEntry.PropertyTests", "JournalEntry.PropertyTests\JournalEntry.PropertyTests.csproj", "{FE366580-3C58-4A1E-8C50-D77F7D74E6C7}"
EndProject
Global
	GlobalSection(SolutionConfigurationPlatforms) = preSolution
		Debug|Any CPU = Debug|Any CPU
		Release|Any CPU = Release|Any CPU
	EndGlobalSection
	GlobalSection(ProjectConfigurationPlatforms) = postSolution
		{5DD9ACC3-255D-4FA9-BEEA-06651CEBCDE8}.Debug|Any CPU.ActiveCfg = Debug|Any CPU
		{5DD9ACC3-255D-4FA9-BEEA-06651CEBCDE8}.Debug|Any CPU.Build.0 = Debug|Any CPU
		{5DD9ACC3-255D-4FA9-BEEA-06651CEBCDE8}.Release|Any CPU.ActiveCfg = Release|Any CPU
		{5DD9ACC3-255D-4FA9-BEEA-06651CEBCDE8}.Release|Any CPU.Build.0 = Release|Any CPU
		{26ADEE85-4D82-4217-B7A9-7C981832BE4B}.Debug|Any CPU.ActiveCfg = Debug|Any CPU
		{26ADEE85-4D82-4217-B7A9-7C981832BE4B}.Debug|Any CPU.Build.0 = Debug|Any CPU
		{26ADEE85-4D82-4217-B7A9-7C981832BE4B}.Release|Any CPU.ActiveCfg = Release|Any CPU
		{26ADEE85-4D82-4217-B7A9-7C981832BE4B}.Release|Any CPU.Build.0 = Release|Any CPU
		{C0B71540-D606-47DB-83B2-EC46BB7FAE83}.Debug|Any CPU.ActiveCfg = Debug|Any CPU
		{C0B71540-D606-47DB-83B2-EC46BB7FAE83}.Debug|Any CPU.Build.0 = Debug|Any CPU
		{C0B71540-D606-47DB-83B2-EC46BB7FAE83}.Release|Any CPU.ActiveCfg = Release|Any CPU
		{C0B71540-D606-47DB-83B2-EC46BB7FAE83}.Release|Any CPU.Build.0 = Release|Any CPU
		{FE366580-3C58-4A1E-8C50-D77F7D74E6C7}.Debug|Any CPU.ActiveCfg = Debug|Any CPU
		{FE366580-3C58-4A1E-8C50-D77F7D74E6C7}.Debug|Any CPU.Build.0 = Debug|Any CPU
		{FE366580-3C58-4A1E-8C50-D77F7D74E6C7}.Release|Any CPU.ActiveCfg = Release|Any CPU
		{FE366580-3C58-4A1E-8C50-D77F7D74E6C7}.Release|Any CPU.Build.0 = Release|Any CPU
	EndGlobalSection
	GlobalSection(SolutionProperties) = preSolution
		HideSolutionNode = FALSE
	EndGlobalSection
	GlobalSection(ExtensibilityGlobals) = postSolution
		SolutionGuid = {905D0DBC-E398-4B9A-B7C4-ECCB91CAA3E2}
	EndGlobalSection
EndGlobal
